
Microsoft Visual Studio Solution File, Format Version 12.00
# Visual Studio Version 16
VisualStudioVersion = 16.0.31515.178
MinimumVisualStudioVersion = 10.0.40219.1
Project("{FAE04EC0-301F-11D3-BF4B-00C04F79EFBC}") = "ReadWorkApp.Android", "ReadWorkApp.Android\ReadWorkApp.Android.csproj", "{AE088EBA-A108-46BB-B33F-00A0A74A0343}"
EndProject
Project("{FAE04EC0-301F-11D3-BF4B-00C04F79EFBC}") = "ReadWorkApp.iOS", "ReadWorkApp.iOS\ReadWorkApp.iOS.csproj", "{8B28B519-AB63-4C37-89E7-22A9CC9EBB47}"
EndProject
Project("{FAE04EC0-301F-11D3-BF4B-00C04F79EFBC}") = "ReadWorkApp", "ReadWorkApp\ReadWorkApp.csproj", "{CCEA4D3D-412E-4315-B846-AF3A93598E00}"
EndProject
Global
	GlobalSection(SolutionConfigurationPlatforms) = preSolution
		Debug|Any CPU = Debug|Any CPU
		Debug|iPhone = Debug|iPhone
		Debug|iPhoneSimulator = Debug|iPhoneSimulator
		Release|Any CPU = Release|Any CPU
		Release|iPhone = Release|iPhone
		Release|iPhoneSimulator = Release|iPhoneSimulator
	EndGlobalSection
	GlobalSection(ProjectConfigurationPlatforms) = postSolution
		{AE088EBA-A108-46BB-B33F-00A0A74A0343}.Debug|Any CPU.ActiveCfg = Debug|Any CPU
		{AE088EBA-A108-46BB-B33F-00A0A74A0343}.Debug|Any CPU.Build.0 = Debug|Any CPU
		{AE088EBA-A108-46BB-B33F-00A0A74A0343}.Debug|Any CPU.Deploy.0 = Debug|Any CPU
		{AE088EBA-A108-46BB-B33F-00A0A74A0343}.Debug|iPhone.ActiveCfg = Debug|Any CPU
		{AE088EBA-A108-46BB-B33F-00A0A74A0343}.Debug|iPhone.Build.0 = Debug|Any CPU
		{AE088EBA-A108-46BB-B33F-00A0A74A0343}.Debug|iPhone.Deploy.0 = Debug|Any CPU
		{AE088EBA-A108-46BB-B33F-00A0A74A0343}.Debug|iPhoneSimulator.ActiveCfg = Debug|Any CPU
		{AE088EBA-A108-46BB-B33F-00A0A74A0343}.Debug|iPhoneSimulator.Build.0 = Debug|Any CPU
		{AE088EBA-A108-46BB-B33F-00A0A74A0343}.Debug|iPhoneSimulator.Deploy.0 = Debug|Any CPU
		{AE088EBA-A108-46BB-B33F-00A0A74A0343}.Release|Any CPU.ActiveCfg = Release|Any CPU
		{AE088EBA-A108-46BB-B33F-00A0A74A0343}.Release|Any CPU.Build.0 = Release|Any CPU
		{AE088EBA-A108-46BB-B33F-00A0A74A0343}.Release|Any CPU.Deploy.0 = Release|Any CPU
		{AE088EBA-A108-46BB-B33F-00A0A74A0343}.Release|iPhone.ActiveCfg = Release|Any CPU
		{AE088EBA-A108-46BB-B33F-00A0A74A0343}.Release|iPhone.Build.0 = Release|Any CPU
		{AE088EBA-A108-46BB-B33F-00A0A74A0343}.Release|iPhone.Deploy.0 = Release|Any CPU
		{AE088EBA-A108-46BB-B33F-00A0A74A0343}.Release|iPhoneSimulator.ActiveCfg = Release|Any CPU
		{AE088EBA-A108-46BB-B33F-00A0A74A0343}.Release|iPhoneSimulator.Build.0 = Release|Any CPU
		{AE088EBA-A108-46BB-B33F-00A0A74A0343}.Release|iPhoneSimulator.Deploy.0 = Release|Any CPU
		{8B28B519-AB63-4C37-89E7-22A9CC9EBB47}.Debug|Any CPU.ActiveCfg = Debug|iPhone
		{8B28B519-AB63-4C37-89E7-22A9CC9EBB47}.Debug|Any CPU.Build.0 = Debug|iPhone
		{8B28B519-AB63-4C37-89E7-22A9CC9EBB47}.Debug|Any CPU.Deploy.0 = Debug|iPhone
		{8B28B519-AB63-4C37-89E7-22A9CC9EBB47}.Debug|iPhone.ActiveCfg = Debug|iPhone
		{8B28B519-AB63-4C37-89E7-22A9CC9EBB47}.Debug|iPhone.Build.0 = Debug|iPhone
		{8B28B519-AB63-4C37-89E7-22A9CC9EBB47}.Debug|iPhone.Deploy.0 = Debug|iPhone
		{8B28B519-AB63-4C37-89E7-22A9CC9EBB47}.Debug|iPhoneSimulator.ActiveCfg = Debug|iPhoneSimulator
		{8B28B519-AB63-4C37-89E7-22A9CC9EBB47}.Debug|iPhoneSimulator.Build.0 = Debug|iPhoneSimulator
		{8B28B519-AB63-4C37-89E7-22A9CC9EBB47}.Debug|iPhoneSimulator.Deploy.0 = Debug|iPhoneSimulator
		{8B28B519-AB63-4C37-89E7-22A9CC9EBB47}.Release|Any CPU.ActiveCfg = Release|iPhoneSimulator
		{8B28B519-AB63-4C37-89E7-22A9CC9EBB47}.Release|Any CPU.Build.0 = Release|iPhoneSimulator
		{8B28B519-AB63-4C37-89E7-22A9CC9EBB47}.Release|Any CPU.Deploy.0 = Release|iPhoneSimulator
		{8B28B519-AB63-4C37-89E7-22A9CC9EBB47}.Release|iPhone.ActiveCfg = Release|iPhone
		{8B28B519-AB63-4C37-89E7-22A9CC9EBB47}.Release|iPhone.Build.0 = Release|iPhone
		{8B28B519-AB63-4C37-89E7-22A9CC9EBB47}.Release|iPhone.Deploy.0 = Release|iPhone
		{8B28B519-AB63-4C37-89E7-22A9CC9EBB47}.Release|iPhoneSimulator.ActiveCfg = Release|iPhoneSimulator
		{8B28B519-AB63-4C37-89E7-22A9CC9EBB47}.Release|iPhoneSimulator.Build.0 = Release|iPhoneSimulator
		{8B28B519-AB63-4C37-89E7-22A9CC9EBB47}.Release|iPhoneSimulator.Deploy.0 = Release|iPhoneSimulator
		{CCEA4D3D-412E-4315-B846-AF3A93598E00}.Debug|Any CPU.ActiveCfg = Debug|Any CPU
		{CCEA4D3D-412E-4315-B846-AF3A93598E00}.Debug|Any CPU.Build.0 = Debug|Any CPU
		{CCEA4D3D-412E-4315-B846-AF3A93598E00}.Debug|Any CPU.Deploy.0 = Debug|Any CPU
		{CCEA4D3D-412E-4315-B846-AF3A93598E00}.Debug|iPhone.ActiveCfg = Debug|Any CPU
		{CCEA4D3D-412E-4315-B846-AF3A93598E00}.Debug|iPhone.Build.0 = Debug|Any CPU
		{CCEA4D3D-412E-4315-B846-AF3A93598E00}.Debug|iPhone.Deploy.0 = Debug|Any CPU
		{CCEA4D3D-412E-4315-B846-AF3A93598E00}.Debug|iPhoneSimulator.ActiveCfg = Debug|Any CPU
		{CCEA4D3D-412E-4315-B846-AF3A93598E00}.Debug|iPhoneSimulator.Build.0 = Debug|Any CPU
		{CCEA4D3D-412E-4315-B846-AF3A93598E00}.Debug|iPhoneSimulator.Deploy.0 = Debug|Any CPU
		{CCEA4D3D-412E-4315-B846-AF3A93598E00}.Release|Any CPU.ActiveCfg = Release|Any CPU
		{CCEA4D3D-412E-4315-B846-AF3A93598E00}.Release|Any CPU.Build.0 = Release|Any CPU
		{CCEA4D3D-412E-4315-B846-AF3A93598E00}.Release|Any CPU.Deploy.0 = Release|Any CPU
		{CCEA4D3D-412E-4315-B846-AF3A93598E00}.Release|iPhone.ActiveCfg = Release|Any CPU
		{CCEA4D3D-412E-4315-B846-AF3A93598E00}.Release|iPhone.Build.0 = Release|Any CPU
		{CCEA4D3D-412E-4315-B846-AF3A93598E00}.Release|iPhone.Deploy.0 = Release|Any CPU
		{CCEA4D3D-412E-4315-B846-AF3A93598E00}.Release|iPhoneSimulator.ActiveCfg = Release|Any CPU
		{CCEA4D3D-412E-4315-B846-AF3A93598E00}.Release|iPhoneSimulator.Build.0 = Release|Any CPU
		{CCEA4D3D-412E-4315-B846-AF3A93598E00}.Release|iPhoneSimulator.Deploy.0 = Release|Any CPU
	EndGlobalSection
	GlobalSection(SolutionProperties) = preSolution
		HideSolutionNode = FALSE
	EndGlobalSection
	GlobalSection(ExtensibilityGlobals) = postSolution
		SolutionGuid = {07BEBCFF-289B-45AA-8054-1DA9B568D37B}
	EndGlobalSection
EndGlobal
