
Microsoft Visual Studio Solution File, Format Version 12.00
# Visual Studio Version 16
VisualStudioVersion = 16.0.31729.503
MinimumVisualStudioVersion = 10.0.40219.1
Project("{FAE04EC0-301F-11D3-BF4B-00C04F79EFBC}") = "SmartGas.Android", "SmartGas\SmartGas.Android\SmartGas.Android.csproj", "{B1E5DDAB-F07A-43D4-8B7A-360F18D5A8B0}"
EndProject
Project("{FAE04EC0-301F-11D3-BF4B-00C04F79EFBC}") = "SmartGas.iOS", "SmartGas\SmartGas.iOS\SmartGas.iOS.csproj", "{20626EAE-34D2-4E30-9130-6C72A72F16C8}"
EndProject
Project("{FAE04EC0-301F-11D3-BF4B-00C04F79EFBC}") = "SmartGas", "SmartGas\SmartGas\SmartGas.csproj", "{3F524F45-9A56-4D38-AB60-2A51FF9D6029}"
EndProject
Global
	GlobalSection(SolutionConfigurationPlatforms) = preSolution
		Debug|Any CPU = Debug|Any CPU
		Debug|iPhone = Debug|iPhone
		Debug|iPhoneSimulator = Debug|iPhoneSimulator
		Release|Any CPU = Release|Any CPU
		Release|iPhone = Release|iPhone
		Release|iPhoneSimulator = Release|iPhoneSimulator
	EndGlobalSection
	GlobalSection(ProjectConfigurationPlatforms) = postSolution
		{B1E5DDAB-F07A-43D4-8B7A-360F18D5A8B0}.Debug|Any CPU.ActiveCfg = Debug|Any CPU
		{B1E5DDAB-F07A-43D4-8B7A-360F18D5A8B0}.Debug|Any CPU.Build.0 = Debug|Any CPU
		{B1E5DDAB-F07A-43D4-8B7A-360F18D5A8B0}.Debug|Any CPU.Deploy.0 = Debug|Any CPU
		{B1E5DDAB-F07A-43D4-8B7A-360F18D5A8B0}.Debug|iPhone.ActiveCfg = Debug|Any CPU
		{B1E5DDAB-F07A-43D4-8B7A-360F18D5A8B0}.Debug|iPhone.Build.0 = Debug|Any CPU
		{B1E5DDAB-F07A-43D4-8B7A-360F18D5A8B0}.Debug|iPhone.Deploy.0 = Debug|Any CPU
		{B1E5DDAB-F07A-43D4-8B7A-360F18D5A8B0}.Debug|iPhoneSimulator.ActiveCfg = Debug|Any CPU
		{B1E5DDAB-F07A-43D4-8B7A-360F18D5A8B0}.Debug|iPhoneSimulator.Build.0 = Debug|Any CPU
		{B1E5DDAB-F07A-43D4-8B7A-360F18D5A8B0}.Debug|iPhoneSimulator.Deploy.0 = Debug|Any CPU
		{B1E5DDAB-F07A-43D4-8B7A-360F18D5A8B0}.Release|Any CPU.ActiveCfg = Release|Any CPU
		{B1E5DDAB-F07A-43D4-8B7A-360F18D5A8B0}.Release|Any CPU.Build.0 = Release|Any CPU
		{B1E5DDAB-F07A-43D4-8B7A-360F18D5A8B0}.Release|Any CPU.Deploy.0 = Release|Any CPU
		{B1E5DDAB-F07A-43D4-8B7A-360F18D5A8B0}.Release|iPhone.ActiveCfg = Release|Any CPU
		{B1E5DDAB-F07A-43D4-8B7A-360F18D5A8B0}.Release|iPhone.Build.0 = Release|Any CPU
		{B1E5DDAB-F07A-43D4-8B7A-360F18D5A8B0}.Release|iPhone.Deploy.0 = Release|Any CPU
		{B1E5DDAB-F07A-43D4-8B7A-360F18D5A8B0}.Release|iPhoneSimulator.ActiveCfg = Release|Any CPU
		{B1E5DDAB-F07A-43D4-8B7A-360F18D5A8B0}.Release|iPhoneSimulator.Build.0 = Release|Any CPU
		{B1E5DDAB-F07A-43D4-8B7A-360F18D5A8B0}.Release|iPhoneSimulator.Deploy.0 = Release|Any CPU
		{20626EAE-34D2-4E30-9130-6C72A72F16C8}.Debug|Any CPU.ActiveCfg = Debug|iPhone
		{20626EAE-34D2-4E30-9130-6C72A72F16C8}.Debug|Any CPU.Build.0 = Debug|iPhone
		{20626EAE-34D2-4E30-9130-6C72A72F16C8}.Debug|Any CPU.Deploy.0 = Debug|iPhone
		{20626EAE-34D2-4E30-9130-6C72A72F16C8}.Debug|iPhone.ActiveCfg = Debug|iPhone
		{20626EAE-34D2-4E30-9130-6C72A72F16C8}.Debug|iPhone.Build.0 = Debug|iPhone
		{20626EAE-34D2-4E30-9130-6C72A72F16C8}.Debug|iPhone.Deploy.0 = Debug|iPhone
		{20626EAE-34D2-4E30-9130-6C72A72F16C8}.Debug|iPhoneSimulator.ActiveCfg = Debug|iPhoneSimulator
		{20626EAE-34D2-4E30-9130-6C72A72F16C8}.Debug|iPhoneSimulator.Build.0 = Debug|iPhoneSimulator
		{20626EAE-34D2-4E30-9130-6C72A72F16C8}.Debug|iPhoneSimulator.Deploy.0 = Debug|iPhoneSimulator
		{20626EAE-34D2-4E30-9130-6C72A72F16C8}.Release|Any CPU.ActiveCfg = Release|iPhoneSimulator
		{20626EAE-34D2-4E30-9130-6C72A72F16C8}.Release|Any CPU.Build.0 = Release|iPhoneSimulator
		{20626EAE-34D2-4E30-9130-6C72A72F16C8}.Release|Any CPU.Deploy.0 = Release|iPhoneSimulator
		{20626EAE-34D2-4E30-9130-6C72A72F16C8}.Release|iPhone.ActiveCfg = Release|iPhone
		{20626EAE-34D2-4E30-9130-6C72A72F16C8}.Release|iPhone.Build.0 = Release|iPhone
		{20626EAE-34D2-4E30-9130-6C72A72F16C8}.Release|iPhone.Deploy.0 = Release|iPhone
		{20626EAE-34D2-4E30-9130-6C72A72F16C8}.Release|iPhoneSimulator.ActiveCfg = Release|iPhoneSimulator
		{20626EAE-34D2-4E30-9130-6C72A72F16C8}.Release|iPhoneSimulator.Build.0 = Release|iPhoneSimulator
		{20626EAE-34D2-4E30-9130-6C72A72F16C8}.Release|iPhoneSimulator.Deploy.0 = Release|iPhoneSimulator
		{3F524F45-9A56-4D38-AB60-2A51FF9D6029}.Debug|Any CPU.ActiveCfg = Debug|Any CPU
		{3F524F45-9A56-4D38-AB60-2A51FF9D6029}.Debug|Any CPU.Build.0 = Debug|Any CPU
		{3F524F45-9A56-4D38-AB60-2A51FF9D6029}.Debug|Any CPU.Deploy.0 = Debug|Any CPU
		{3F524F45-9A56-4D38-AB60-2A51FF9D6029}.Debug|iPhone.ActiveCfg = Debug|Any CPU
		{3F524F45-9A56-4D38-AB60-2A51FF9D6029}.Debug|iPhone.Build.0 = Debug|Any CPU
		{3F524F45-9A56-4D38-AB60-2A51FF9D6029}.Debug|iPhone.Deploy.0 = Debug|Any CPU
		{3F524F45-9A56-4D38-AB60-2A51FF9D6029}.Debug|iPhoneSimulator.ActiveCfg = Debug|Any CPU
		{3F524F45-9A56-4D38-AB60-2A51FF9D6029}.Debug|iPhoneSimulator.Build.0 = Debug|Any CPU
		{3F524F45-9A56-4D38-AB60-2A51FF9D6029}.Debug|iPhoneSimulator.Deploy.0 = Debug|Any CPU
		{3F524F45-9A56-4D38-AB60-2A51FF9D6029}.Release|Any CPU.ActiveCfg = Release|Any CPU
		{3F524F45-9A56-4D38-AB60-2A51FF9D6029}.Release|Any CPU.Build.0 = Release|Any CPU
		{3F524F45-9A56-4D38-AB60-2A51FF9D6029}.Release|Any CPU.Deploy.0 = Release|Any CPU
		{3F524F45-9A56-4D38-AB60-2A51FF9D6029}.Release|iPhone.ActiveCfg = Release|Any CPU
		{3F524F45-9A56-4D38-AB60-2A51FF9D6029}.Release|iPhone.Build.0 = Release|Any CPU
		{3F524F45-9A56-4D38-AB60-2A51FF9D6029}.Release|iPhone.Deploy.0 = Release|Any CPU
		{3F524F45-9A56-4D38-AB60-2A51FF9D6029}.Release|iPhoneSimulator.ActiveCfg = Release|Any CPU
		{3F524F45-9A56-4D38-AB60-2A51FF9D6029}.Release|iPhoneSimulator.Build.0 = Release|Any CPU
		{3F524F45-9A56-4D38-AB60-2A51FF9D6029}.Release|iPhoneSimulator.Deploy.0 = Release|Any CPU
	EndGlobalSection
	GlobalSection(SolutionProperties) = preSolution
		HideSolutionNode = FALSE
	EndGlobalSection
	GlobalSection(ExtensibilityGlobals) = postSolution
		SolutionGuid = {98732F17-692E-4CBD-8DC7-7E584E39395B}
	EndGlobalSection
EndGlobal
